
Microsoft Visual Studio Solution File, Format Version 11.00
# Visual Studio 2010
Project("{F184B08F-C81C-45F6-A57F-5ABD9991F28F}") = "AFN_CLI", "AFN\AFN_CLI.vbproj", "{A6F3B4DB-8645-4F68-B601-CC7825EC5226}"
EndProject
Project("{F184B08F-C81C-45F6-A57F-5ABD9991F28F}") = "AFN_SVR", "AFN_SVR\AFN_SVR.vbproj", "{E3FA4650-CF13-4C7A-943A-3149C98F3A64}"
EndProject
Global
	GlobalSection(SolutionConfigurationPlatforms) = preSolution
		Debug|Any CPU = Debug|Any CPU
		Debug|Mixed Platforms = Debug|Mixed Platforms
		Debug|x86 = Debug|x86
		Release|Any CPU = Release|Any CPU
		Release|Mixed Platforms = Release|Mixed Platforms
		Release|x86 = Release|x86
	EndGlobalSection
	GlobalSection(ProjectConfigurationPlatforms) = postSolution
		{A6F3B4DB-8645-4F68-B601-CC7825EC5226}.Debug|Any CPU.ActiveCfg = Debug|x86
		{A6F3B4DB-8645-4F68-B601-CC7825EC5226}.Debug|Mixed Platforms.ActiveCfg = Debug|x86
		{A6F3B4DB-8645-4F68-B601-CC7825EC5226}.Debug|Mixed Platforms.Build.0 = Debug|x86
		{A6F3B4DB-8645-4F68-B601-CC7825EC5226}.Debug|x86.ActiveCfg = Debug|x86
		{A6F3B4DB-8645-4F68-B601-CC7825EC5226}.Debug|x86.Build.0 = Debug|x86
		{A6F3B4DB-8645-4F68-B601-CC7825EC5226}.Release|Any CPU.ActiveCfg = Release|x86
		{A6F3B4DB-8645-4F68-B601-CC7825EC5226}.Release|Mixed Platforms.ActiveCfg = Release|x86
		{A6F3B4DB-8645-4F68-B601-CC7825EC5226}.Release|Mixed Platforms.Build.0 = Release|x86
		{A6F3B4DB-8645-4F68-B601-CC7825EC5226}.Release|x86.ActiveCfg = Release|x86
		{A6F3B4DB-8645-4F68-B601-CC7825EC5226}.Release|x86.Build.0 = Release|x86
		{E3FA4650-CF13-4C7A-943A-3149C98F3A64}.Debug|Any CPU.ActiveCfg = Debug|x86
		{E3FA4650-CF13-4C7A-943A-3149C98F3A64}.Debug|Mixed Platforms.ActiveCfg = Debug|x86
		{E3FA4650-CF13-4C7A-943A-3149C98F3A64}.Debug|Mixed Platforms.Build.0 = Debug|x86
		{E3FA4650-CF13-4C7A-943A-3149C98F3A64}.Debug|x86.ActiveCfg = Debug|x86
		{E3FA4650-CF13-4C7A-943A-3149C98F3A64}.Debug|x86.Build.0 = Debug|x86
		{E3FA4650-CF13-4C7A-943A-3149C98F3A64}.Release|Any CPU.ActiveCfg = Release|x86
		{E3FA4650-CF13-4C7A-943A-3149C98F3A64}.Release|Mixed Platforms.ActiveCfg = Release|x86
		{E3FA4650-CF13-4C7A-943A-3149C98F3A64}.Release|Mixed Platforms.Build.0 = Release|x86
		{E3FA4650-CF13-4C7A-943A-3149C98F3A64}.Release|x86.ActiveCfg = Release|x86
		{E3FA4650-CF13-4C7A-943A-3149C98F3A64}.Release|x86.Build.0 = Release|x86
	EndGlobalSection
	GlobalSection(SolutionProperties) = preSolution
		HideSolutionNode = FALSE
	EndGlobalSection
EndGlobal
